
Microsoft Visual Studio Solution File, Format Version 12.00
# Visual Studio 14
VisualStudioVersion = 14.0.24720.0
MinimumVisualStudioVersion = 10.0.40219.1
Project("{2150E333-8FDC-42A3-9474-1A3956D46DE8}") = "Engine", "Engine", "{E7DE3E5C-E232-46B5-BA88-54FBA84BA99A}"
EndProject
Project("{2150E333-8FDC-42A3-9474-1A3956D46DE8}") = "Games", "Games", "{12AB05BD-E6BA-4C17-97C1-E677318F0913}"
EndProject
Project("{8BC9CEB8-8B4A-11D0-8D11-00A0C91BC942}") = "UE4", "Intermediate\ProjectFiles\UE4.vcxproj", "{016618C0-A55B-4F49-ADA5-D53B263770DC}"
EndProject
Project("{8BC9CEB8-8B4A-11D0-8D11-00A0C91BC942}") = "RefugeeSimulator", "Intermediate\ProjectFiles\RefugeeSimulator.vcxproj", "{5AAAB0E3-7BFF-4344-8143-8966403F014B}"
EndProject
Global
	GlobalSection(SolutionConfigurationPlatforms) = preSolution
		DebugGame Editor|Win32 = DebugGame Editor|Win32
		DebugGame Editor|Win64 = DebugGame Editor|Win64
		DebugGame|Win32 = DebugGame|Win32
		DebugGame|Win64 = DebugGame|Win64
		Development Editor|Win32 = Development Editor|Win32
		Development Editor|Win64 = Development Editor|Win64
		Development|Win32 = Development|Win32
		Development|Win64 = Development|Win64
		Shipping|Win32 = Shipping|Win32
		Shipping|Win64 = Shipping|Win64
	EndGlobalSection
	GlobalSection(ProjectConfigurationPlatforms) = postSolution
		{016618C0-A55B-4F49-ADA5-D53B263770DC}.DebugGame Editor|Win32.ActiveCfg = BuiltWithUnrealBuildTool|Win32
		{016618C0-A55B-4F49-ADA5-D53B263770DC}.DebugGame Editor|Win32.Build.0 = BuiltWithUnrealBuildTool|Win32
		{016618C0-A55B-4F49-ADA5-D53B263770DC}.DebugGame Editor|Win64.ActiveCfg = BuiltWithUnrealBuildTool|Win32
		{016618C0-A55B-4F49-ADA5-D53B263770DC}.DebugGame Editor|Win64.Build.0 = BuiltWithUnrealBuildTool|Win32
		{016618C0-A55B-4F49-ADA5-D53B263770DC}.DebugGame|Win32.ActiveCfg = BuiltWithUnrealBuildTool|Win32
		{016618C0-A55B-4F49-ADA5-D53B263770DC}.DebugGame|Win32.Build.0 = BuiltWithUnrealBuildTool|Win32
		{016618C0-A55B-4F49-ADA5-D53B263770DC}.DebugGame|Win64.ActiveCfg = BuiltWithUnrealBuildTool|Win32
		{016618C0-A55B-4F49-ADA5-D53B263770DC}.DebugGame|Win64.Build.0 = BuiltWithUnrealBuildTool|Win32
		{016618C0-A55B-4F49-ADA5-D53B263770DC}.Development Editor|Win32.ActiveCfg = BuiltWithUnrealBuildTool|Win32
		{016618C0-A55B-4F49-ADA5-D53B263770DC}.Development Editor|Win32.Build.0 = BuiltWithUnrealBuildTool|Win32
		{016618C0-A55B-4F49-ADA5-D53B263770DC}.Development Editor|Win64.ActiveCfg = BuiltWithUnrealBuildTool|Win32
		{016618C0-A55B-4F49-ADA5-D53B263770DC}.Development Editor|Win64.Build.0 = BuiltWithUnrealBuildTool|Win32
		{016618C0-A55B-4F49-ADA5-D53B263770DC}.Development|Win32.ActiveCfg = BuiltWithUnrealBuildTool|Win32
		{016618C0-A55B-4F49-ADA5-D53B263770DC}.Development|Win32.Build.0 = BuiltWithUnrealBuildTool|Win32
		{016618C0-A55B-4F49-ADA5-D53B263770DC}.Development|Win64.ActiveCfg = BuiltWithUnrealBuildTool|Win32
		{016618C0-A55B-4F49-ADA5-D53B263770DC}.Development|Win64.Build.0 = BuiltWithUnrealBuildTool|Win32
		{016618C0-A55B-4F49-ADA5-D53B263770DC}.Shipping|Win32.ActiveCfg = BuiltWithUnrealBuildTool|Win32
		{016618C0-A55B-4F49-ADA5-D53B263770DC}.Shipping|Win32.Build.0 = BuiltWithUnrealBuildTool|Win32
		{016618C0-A55B-4F49-ADA5-D53B263770DC}.Shipping|Win64.ActiveCfg = BuiltWithUnrealBuildTool|Win32
		{016618C0-A55B-4F49-ADA5-D53B263770DC}.Shipping|Win64.Build.0 = BuiltWithUnrealBuildTool|Win32
		{5AAAB0E3-7BFF-4344-8143-8966403F014B}.DebugGame Editor|Win32.ActiveCfg = DebugGame_Editor|Win32
		{5AAAB0E3-7BFF-4344-8143-8966403F014B}.DebugGame Editor|Win32.Build.0 = DebugGame_Editor|Win32
		{5AAAB0E3-7BFF-4344-8143-8966403F014B}.DebugGame Editor|Win64.ActiveCfg = DebugGame_Editor|x64
		{5AAAB0E3-7BFF-4344-8143-8966403F014B}.DebugGame Editor|Win64.Build.0 = DebugGame_Editor|x64
		{5AAAB0E3-7BFF-4344-8143-8966403F014B}.DebugGame|Win32.ActiveCfg = DebugGame_Game|Win32
		{5AAAB0E3-7BFF-4344-8143-8966403F014B}.DebugGame|Win32.Build.0 = DebugGame_Game|Win32
		{5AAAB0E3-7BFF-4344-8143-8966403F014B}.DebugGame|Win64.ActiveCfg = DebugGame_Game|x64
		{5AAAB0E3-7BFF-4344-8143-8966403F014B}.DebugGame|Win64.Build.0 = DebugGame_Game|x64
		{5AAAB0E3-7BFF-4344-8143-8966403F014B}.Development Editor|Win32.ActiveCfg = Development_Editor|Win32
		{5AAAB0E3-7BFF-4344-8143-8966403F014B}.Development Editor|Win32.Build.0 = Development_Editor|Win32
		{5AAAB0E3-7BFF-4344-8143-8966403F014B}.Development Editor|Win64.ActiveCfg = Development_Editor|x64
		{5AAAB0E3-7BFF-4344-8143-8966403F014B}.Development Editor|Win64.Build.0 = Development_Editor|x64
		{5AAAB0E3-7BFF-4344-8143-8966403F014B}.Development|Win32.ActiveCfg = Development_Game|Win32
		{5AAAB0E3-7BFF-4344-8143-8966403F014B}.Development|Win32.Build.0 = Development_Game|Win32
		{5AAAB0E3-7BFF-4344-8143-8966403F014B}.Development|Win64.ActiveCfg = Development_Game|x64
		{5AAAB0E3-7BFF-4344-8143-8966403F014B}.Development|Win64.Build.0 = Development_Game|x64
		{5AAAB0E3-7BFF-4344-8143-8966403F014B}.Shipping|Win32.ActiveCfg = Shipping_Game|Win32
		{5AAAB0E3-7BFF-4344-8143-8966403F014B}.Shipping|Win32.Build.0 = Shipping_Game|Win32
		{5AAAB0E3-7BFF-4344-8143-8966403F014B}.Shipping|Win64.ActiveCfg = Shipping_Game|x64
		{5AAAB0E3-7BFF-4344-8143-8966403F014B}.Shipping|Win64.Build.0 = Shipping_Game|x64
	EndGlobalSection
	GlobalSection(SolutionProperties) = preSolution
		HideSolutionNode = FALSE
	EndGlobalSection
	GlobalSection(NestedProjects) = preSolution
		{016618C0-A55B-4F49-ADA5-D53B263770DC} = {E7DE3E5C-E232-46B5-BA88-54FBA84BA99A}
		{5AAAB0E3-7BFF-4344-8143-8966403F014B} = {12AB05BD-E6BA-4C17-97C1-E677318F0913}
	EndGlobalSection
EndGlobal
